
Microsoft Visual Studio Solution File, Format Version 12.00
# Visual Studio Version 16
VisualStudioVersion = 16.0.30114.105
MinimumVisualStudioVersion = 10.0.40219.1
Project("{FAE04EC0-301F-11D3-BF4B-00C04F79EFBC}") = "ProEventos.Application", "ProEventos.Application\ProEventos.Application.csproj", "{1BE21EB5-2BA4-4367-A6FB-75C2FE5147AD}"
EndProject
Project("{FAE04EC0-301F-11D3-BF4B-00C04F79EFBC}") = "ProEventos.Domain", "ProEventos.Domain\ProEventos.Domain.csproj", "{7C4D971D-EBEF-40BC-8340-623C52404428}"
EndProject
Project("{FAE04EC0-301F-11D3-BF4B-00C04F79EFBC}") = "ProEvento.API", "ProEvento.API\ProEvento.API.csproj", "{47B13B9C-A0D4-4AD7-9DB6-B94F75E81578}"
EndProject
Project("{FAE04EC0-301F-11D3-BF4B-00C04F79EFBC}") = "ProEventos.Persistence", "ProEventos.Persistence\ProEventos.Persistence.csproj", "{CFF8CC74-74D3-4F21-A8CB-CFDF4D482813}"
EndProject
Global
	GlobalSection(SolutionConfigurationPlatforms) = preSolution
		Debug|Any CPU = Debug|Any CPU
		Debug|x64 = Debug|x64
		Debug|x86 = Debug|x86
		Release|Any CPU = Release|Any CPU
		Release|x64 = Release|x64
		Release|x86 = Release|x86
	EndGlobalSection
	GlobalSection(SolutionProperties) = preSolution
		HideSolutionNode = FALSE
	EndGlobalSection
	GlobalSection(ProjectConfigurationPlatforms) = postSolution
		{1BE21EB5-2BA4-4367-A6FB-75C2FE5147AD}.Debug|Any CPU.ActiveCfg = Debug|Any CPU
		{1BE21EB5-2BA4-4367-A6FB-75C2FE5147AD}.Debug|Any CPU.Build.0 = Debug|Any CPU
		{1BE21EB5-2BA4-4367-A6FB-75C2FE5147AD}.Debug|x64.ActiveCfg = Debug|Any CPU
		{1BE21EB5-2BA4-4367-A6FB-75C2FE5147AD}.Debug|x64.Build.0 = Debug|Any CPU
		{1BE21EB5-2BA4-4367-A6FB-75C2FE5147AD}.Debug|x86.ActiveCfg = Debug|Any CPU
		{1BE21EB5-2BA4-4367-A6FB-75C2FE5147AD}.Debug|x86.Build.0 = Debug|Any CPU
		{1BE21EB5-2BA4-4367-A6FB-75C2FE5147AD}.Release|Any CPU.ActiveCfg = Release|Any CPU
		{1BE21EB5-2BA4-4367-A6FB-75C2FE5147AD}.Release|Any CPU.Build.0 = Release|Any CPU
		{1BE21EB5-2BA4-4367-A6FB-75C2FE5147AD}.Release|x64.ActiveCfg = Release|Any CPU
		{1BE21EB5-2BA4-4367-A6FB-75C2FE5147AD}.Release|x64.Build.0 = Release|Any CPU
		{1BE21EB5-2BA4-4367-A6FB-75C2FE5147AD}.Release|x86.ActiveCfg = Release|Any CPU
		{1BE21EB5-2BA4-4367-A6FB-75C2FE5147AD}.Release|x86.Build.0 = Release|Any CPU
		{7C4D971D-EBEF-40BC-8340-623C52404428}.Debug|Any CPU.ActiveCfg = Debug|Any CPU
		{7C4D971D-EBEF-40BC-8340-623C52404428}.Debug|Any CPU.Build.0 = Debug|Any CPU
		{7C4D971D-EBEF-40BC-8340-623C52404428}.Debug|x64.ActiveCfg = Debug|Any CPU
		{7C4D971D-EBEF-40BC-8340-623C52404428}.Debug|x64.Build.0 = Debug|Any CPU
		{7C4D971D-EBEF-40BC-8340-623C52404428}.Debug|x86.ActiveCfg = Debug|Any CPU
		{7C4D971D-EBEF-40BC-8340-623C52404428}.Debug|x86.Build.0 = Debug|Any CPU
		{7C4D971D-EBEF-40BC-8340-623C52404428}.Release|Any CPU.ActiveCfg = Release|Any CPU
		{7C4D971D-EBEF-40BC-8340-623C52404428}.Release|Any CPU.Build.0 = Release|Any CPU
		{7C4D971D-EBEF-40BC-8340-623C52404428}.Release|x64.ActiveCfg = Release|Any CPU
		{7C4D971D-EBEF-40BC-8340-623C52404428}.Release|x64.Build.0 = Release|Any CPU
		{7C4D971D-EBEF-40BC-8340-623C52404428}.Release|x86.ActiveCfg = Release|Any CPU
		{7C4D971D-EBEF-40BC-8340-623C52404428}.Release|x86.Build.0 = Release|Any CPU
		{47B13B9C-A0D4-4AD7-9DB6-B94F75E81578}.Debug|Any CPU.ActiveCfg = Debug|Any CPU
		{47B13B9C-A0D4-4AD7-9DB6-B94F75E81578}.Debug|Any CPU.Build.0 = Debug|Any CPU
		{47B13B9C-A0D4-4AD7-9DB6-B94F75E81578}.Debug|x64.ActiveCfg = Debug|Any CPU
		{47B13B9C-A0D4-4AD7-9DB6-B94F75E81578}.Debug|x64.Build.0 = Debug|Any CPU
		{47B13B9C-A0D4-4AD7-9DB6-B94F75E81578}.Debug|x86.ActiveCfg = Debug|Any CPU
		{47B13B9C-A0D4-4AD7-9DB6-B94F75E81578}.Debug|x86.Build.0 = Debug|Any CPU
		{47B13B9C-A0D4-4AD7-9DB6-B94F75E81578}.Release|Any CPU.ActiveCfg = Release|Any CPU
		{47B13B9C-A0D4-4AD7-9DB6-B94F75E81578}.Release|Any CPU.Build.0 = Release|Any CPU
		{47B13B9C-A0D4-4AD7-9DB6-B94F75E81578}.Release|x64.ActiveCfg = Release|Any CPU
		{47B13B9C-A0D4-4AD7-9DB6-B94F75E81578}.Release|x64.Build.0 = Release|Any CPU
		{47B13B9C-A0D4-4AD7-9DB6-B94F75E81578}.Release|x86.ActiveCfg = Release|Any CPU
		{47B13B9C-A0D4-4AD7-9DB6-B94F75E81578}.Release|x86.Build.0 = Release|Any CPU
		{CFF8CC74-74D3-4F21-A8CB-CFDF4D482813}.Debug|Any CPU.ActiveCfg = Debug|Any CPU
		{CFF8CC74-74D3-4F21-A8CB-CFDF4D482813}.Debug|Any CPU.Build.0 = Debug|Any CPU
		{CFF8CC74-74D3-4F21-A8CB-CFDF4D482813}.Debug|x64.ActiveCfg = Debug|Any CPU
		{CFF8CC74-74D3-4F21-A8CB-CFDF4D482813}.Debug|x64.Build.0 = Debug|Any CPU
		{CFF8CC74-74D3-4F21-A8CB-CFDF4D482813}.Debug|x86.ActiveCfg = Debug|Any CPU
		{CFF8CC74-74D3-4F21-A8CB-CFDF4D482813}.Debug|x86.Build.0 = Debug|Any CPU
		{CFF8CC74-74D3-4F21-A8CB-CFDF4D482813}.Release|Any CPU.ActiveCfg = Release|Any CPU
		{CFF8CC74-74D3-4F21-A8CB-CFDF4D482813}.Release|Any CPU.Build.0 = Release|Any CPU
		{CFF8CC74-74D3-4F21-A8CB-CFDF4D482813}.Release|x64.ActiveCfg = Release|Any CPU
		{CFF8CC74-74D3-4F21-A8CB-CFDF4D482813}.Release|x64.Build.0 = Release|Any CPU
		{CFF8CC74-74D3-4F21-A8CB-CFDF4D482813}.Release|x86.ActiveCfg = Release|Any CPU
		{CFF8CC74-74D3-4F21-A8CB-CFDF4D482813}.Release|x86.Build.0 = Release|Any CPU
	EndGlobalSection
EndGlobal
